
Microsoft Visual Studio Solution File, Format Version 12.00
# Visual Studio Version 17
VisualStudioVersion = 17.7.34031.279
MinimumVisualStudioVersion = 10.0.40219.1
Project("{FAE04EC0-301F-11D3-BF4B-00C04F79EFBC}") = "Fahad Assignment", "Fahad Assignment\Fahad Assignment.csproj", "{BBC71265-A6D1-4DAA-8808-12FD00C93792}"
EndProject
Global
	GlobalSection(SolutionConfigurationPlatforms) = preSolution
		Debug|Any CPU = Debug|Any CPU
		Release|Any CPU = Release|Any CPU
	EndGlobalSection
	GlobalSection(ProjectConfigurationPlatforms) = postSolution
		{BBC71265-A6D1-4DAA-8808-12FD00C93792}.Debug|Any CPU.ActiveCfg = Debug|Any CPU
		{BBC71265-A6D1-4DAA-8808-12FD00C93792}.Debug|Any CPU.Build.0 = Debug|Any CPU
		{BBC71265-A6D1-4DAA-8808-12FD00C93792}.Release|Any CPU.ActiveCfg = Release|Any CPU
		{BBC71265-A6D1-4DAA-8808-12FD00C93792}.Release|Any CPU.Build.0 = Release|Any CPU
	EndGlobalSection
	GlobalSection(SolutionProperties) = preSolution
		HideSolutionNode = FALSE
	EndGlobalSection
	GlobalSection(ExtensibilityGlobals) = postSolution
		SolutionGuid = {8A9B99A9-47B9-4F7E-9A82-148EA31E110E}
	EndGlobalSection
EndGlobal
